// !$*UTF8*$!
{
	archiveVersion = 1;
	classes = {
	};
	objectVersion = 56;
	objects = {

/* Begin PBXBuildFile section */
		E504B1FB29549FCD00996662 /* UIImage+Extensions.swift in Sources */ = {isa = PBXBuildFile; fileRef = E504B1FA29549FCD00996662 /* UIImage+Extensions.swift */; };
		E504B1FE2954A37E00996662 /* ImageColorDetection.swift in Sources */ = {isa = PBXBuildFile; fileRef = E504B1FD2954A37E00996662 /* ImageColorDetection.swift */; };
		E504B2002954B7C900996662 /* UIImageColors.swift in Sources */ = {isa = PBXBuildFile; fileRef = E504B1FF2954B7C900996662 /* UIImageColors.swift */; };
		E504B2022954C88100996662 /* ImagePicker.swift in Sources */ = {isa = PBXBuildFile; fileRef = E504B2012954C88100996662 /* ImagePicker.swift */; };
		E5056B72291914E8008C6120 /* SnapKit in Frameworks */ = {isa = PBXBuildFile; productRef = E5056B71291914E8008C6120 /* SnapKit */; };
		E50BF95E2953528200534E82 /* SamplePalettesView.swift in Sources */ = {isa = PBXBuildFile; fileRef = E50BF95D2953528200534E82 /* SamplePalettesView.swift */; };
		E50BF961295353E200534E82 /* ColorPaletteCell.swift in Sources */ = {isa = PBXBuildFile; fileRef = E50BF960295353E200534E82 /* ColorPaletteCell.swift */; };
		E50BF9632953563200534E82 /* UIColor+Extensions.swift in Sources */ = {isa = PBXBuildFile; fileRef = E50BF9622953563200534E82 /* UIColor+Extensions.swift */; };
		E53D8520291E35E900E73D90 /* OnboardingPageType.swift in Sources */ = {isa = PBXBuildFile; fileRef = E53D851F291E35E900E73D90 /* OnboardingPageType.swift */; };
		E54263E929388614003334FE /* OnboardingManager.swift in Sources */ = {isa = PBXBuildFile; fileRef = E54263E829388614003334FE /* OnboardingManager.swift */; };
		E54263EB29388B0B003334FE /* UserDefaultsKey.swift in Sources */ = {isa = PBXBuildFile; fileRef = E54263EA29388B0B003334FE /* UserDefaultsKey.swift */; };
		E54263EE29389820003334FE /* AuthorizationAPI.swift in Sources */ = {isa = PBXBuildFile; fileRef = E54263ED29389820003334FE /* AuthorizationAPI.swift */; };
		E54263F02938998D003334FE /* Consts.swift in Sources */ = {isa = PBXBuildFile; fileRef = E54263EF2938998D003334FE /* Consts.swift */; };
		E54263F329389CD4003334FE /* Provider.swift in Sources */ = {isa = PBXBuildFile; fileRef = E54263F229389CD4003334FE /* Provider.swift */; };
		E54263F529389DCD003334FE /* CredentialsManager.swift in Sources */ = {isa = PBXBuildFile; fileRef = E54263F429389DCD003334FE /* CredentialsManager.swift */; };
		E54E48F529347D1F0078B12B /* OnboardingCoordinator.swift in Sources */ = {isa = PBXBuildFile; fileRef = E54E48F429347D1F0078B12B /* OnboardingCoordinator.swift */; };
		E54E48F7293488290078B12B /* AuthorizationCoordinator.swift in Sources */ = {isa = PBXBuildFile; fileRef = E54E48F6293488290078B12B /* AuthorizationCoordinator.swift */; };
		E54E48FC29349C3E0078B12B /* AppCoordinator.swift in Sources */ = {isa = PBXBuildFile; fileRef = E54E48FB29349C3E0078B12B /* AppCoordinator.swift */; };
		E55031C329577BB80052F544 /* FavoriteManager.swift in Sources */ = {isa = PBXBuildFile; fileRef = E55031C229577BB80052F544 /* FavoriteManager.swift */; };
		E5571C4C291E5925003EBAB0 /* OnboardingView.swift in Sources */ = {isa = PBXBuildFile; fileRef = E5571C4B291E5925003EBAB0 /* OnboardingView.swift */; };
		E55BAD6A29190B5700B3E233 /* AppDelegate.swift in Sources */ = {isa = PBXBuildFile; fileRef = E55BAD6929190B5700B3E233 /* AppDelegate.swift */; };
		E55BAD6C29190B5800B3E233 /* SceneDelegate.swift in Sources */ = {isa = PBXBuildFile; fileRef = E55BAD6B29190B5800B3E233 /* SceneDelegate.swift */; };
		E55BAD7329190B5900B3E233 /* Assets.xcassets in Resources */ = {isa = PBXBuildFile; fileRef = E55BAD7229190B5900B3E233 /* Assets.xcassets */; };
		E55BAD7629190B5900B3E233 /* LaunchScreen.storyboard in Resources */ = {isa = PBXBuildFile; fileRef = E55BAD7429190B5900B3E233 /* LaunchScreen.storyboard */; };
		E55BAD892919119D00B3E233 /* CombineMoya in Frameworks */ = {isa = PBXBuildFile; productRef = E55BAD882919119D00B3E233 /* CombineMoya */; };
		E55BAD8B2919119D00B3E233 /* Moya in Frameworks */ = {isa = PBXBuildFile; productRef = E55BAD8A2919119D00B3E233 /* Moya */; };
		E55BAD8D2919119D00B3E233 /* RxMoya in Frameworks */ = {isa = PBXBuildFile; productRef = E55BAD8C2919119D00B3E233 /* RxMoya */; };
		E55F6F7C295597E000A8B935 /* SampleColorsView.swift in Sources */ = {isa = PBXBuildFile; fileRef = E55F6F7B295597E000A8B935 /* SampleColorsView.swift */; };
		E55F6F7E29559FCF00A8B935 /* ColorManager.swift in Sources */ = {isa = PBXBuildFile; fileRef = E55F6F7D29559FCF00A8B935 /* ColorManager.swift */; };
		E55F6F802955A02400A8B935 /* AppColor.swift in Sources */ = {isa = PBXBuildFile; fileRef = E55F6F7F2955A02400A8B935 /* AppColor.swift */; };
		E55F6F822955A05B00A8B935 /* colors.json in Resources */ = {isa = PBXBuildFile; fileRef = E55F6F812955A05B00A8B935 /* colors.json */; };
		E55F6F842955AFBE00A8B935 /* ColorRowView.swift in Sources */ = {isa = PBXBuildFile; fileRef = E55F6F832955AFBE00A8B935 /* ColorRowView.swift */; };
		E55F6F872955B6AC00A8B935 /* SearchBarView.swift in Sources */ = {isa = PBXBuildFile; fileRef = E55F6F862955B6AC00A8B935 /* SearchBarView.swift */; };
		E55F6F892955C23700A8B935 /* Decodable+Extensions.swift in Sources */ = {isa = PBXBuildFile; fileRef = E55F6F882955C23700A8B935 /* Decodable+Extensions.swift */; };
		E56C0E1F293764ED00A878CB /* TabBarCoordinator.swift in Sources */ = {isa = PBXBuildFile; fileRef = E56C0E1E293764ED00A878CB /* TabBarCoordinator.swift */; };
		E56C0E23293765C700A878CB /* TabBarPage.swift in Sources */ = {isa = PBXBuildFile; fileRef = E56C0E22293765C700A878CB /* TabBarPage.swift */; };
		E56C0E2529376CD000A878CB /* ProfileCoordinator.swift in Sources */ = {isa = PBXBuildFile; fileRef = E56C0E2429376CD000A878CB /* ProfileCoordinator.swift */; };
		E56C0E2B29376D9D00A878CB /* GeneralCoordinator.swift in Sources */ = {isa = PBXBuildFile; fileRef = E56C0E2A29376D9D00A878CB /* GeneralCoordinator.swift */; };
		E56C0E2E29376E3600A878CB /* ProfileView.swift in Sources */ = {isa = PBXBuildFile; fileRef = E56C0E2D29376E3600A878CB /* ProfileView.swift */; };
		E56C0E3129376E6400A878CB /* GeneralView.swift in Sources */ = {isa = PBXBuildFile; fileRef = E56C0E3029376E6400A878CB /* GeneralView.swift */; };
		E56C829E29202B1C0096EB9F /* CALayer+Extensions.swift in Sources */ = {isa = PBXBuildFile; fileRef = E56C829D29202B1C0096EB9F /* CALayer+Extensions.swift */; };
		E57A26AC291EA2C40027FAC8 /* String+Extensions.swift in Sources */ = {isa = PBXBuildFile; fileRef = E57A26AB291EA2C40027FAC8 /* String+Extensions.swift */; };
		E57A26AE291EA5C00027FAC8 /* OnboardingPageView.swift in Sources */ = {isa = PBXBuildFile; fileRef = E57A26AD291EA5C00027FAC8 /* OnboardingPageView.swift */; };
		E57A26B2291EA7F60027FAC8 /* Localizable.strings in Resources */ = {isa = PBXBuildFile; fileRef = E57A26B4291EA7F60027FAC8 /* Localizable.strings */; };
		E57A26B7291EC2E50027FAC8 /* OnboardingPage.swift in Sources */ = {isa = PBXBuildFile; fileRef = E57A26B6291EC2E50027FAC8 /* OnboardingPage.swift */; };
		E57A26BA291EC7210027FAC8 /* OnboardingViewModel.swift in Sources */ = {isa = PBXBuildFile; fileRef = E57A26B9291EC7210027FAC8 /* OnboardingViewModel.swift */; };
		E57A26BE291ECB0A0027FAC8 /* ColorDetectionViewController.swift in Sources */ = {isa = PBXBuildFile; fileRef = E57A26BD291ECB0A0027FAC8 /* ColorDetectionViewController.swift */; };
		E57AF3AA2957222F0002FC75 /* SimilarColorsView.swift in Sources */ = {isa = PBXBuildFile; fileRef = E57AF3A92957222F0002FC75 /* SimilarColorsView.swift */; };
		E57AF3AC2957315B0002FC75 /* ColorInfoView.swift in Sources */ = {isa = PBXBuildFile; fileRef = E57AF3AB2957315B0002FC75 /* ColorInfoView.swift */; };
		E5BAE91F295413CC005DF70B /* ColorPalette.swift in Sources */ = {isa = PBXBuildFile; fileRef = E5BAE91E295413CC005DF70B /* ColorPalette.swift */; };
		E5BAE92129541A35005DF70B /* ColorPaletteView.swift in Sources */ = {isa = PBXBuildFile; fileRef = E5BAE92029541A35005DF70B /* ColorPaletteView.swift */; };
		E5BAE92429542C54005DF70B /* ColorTypePickerView.swift in Sources */ = {isa = PBXBuildFile; fileRef = E5BAE92329542C54005DF70B /* ColorTypePickerView.swift */; };
		E5C2AEAF2937416300508DF4 /* LoginView.swift in Sources */ = {isa = PBXBuildFile; fileRef = E5C2AEAE2937416300508DF4 /* LoginView.swift */; };
		E5C2AEB12937476600508DF4 /* RegistrationView.swift in Sources */ = {isa = PBXBuildFile; fileRef = E5C2AEB02937476600508DF4 /* RegistrationView.swift */; };
		E5C2AEB3293749A900508DF4 /* LoginViewModel.swift in Sources */ = {isa = PBXBuildFile; fileRef = E5C2AEB2293749A900508DF4 /* LoginViewModel.swift */; };
		E5CF203029575C6000143582 /* AddNewColorView.swift in Sources */ = {isa = PBXBuildFile; fileRef = E5CF202F29575C6000143582 /* AddNewColorView.swift */; };
		E5D068A32955F12000E0BBE2 /* CGFloat+Extensions.swift in Sources */ = {isa = PBXBuildFile; fileRef = E5D068A22955F12000E0BBE2 /* CGFloat+Extensions.swift */; };
		E5DCBC8129365C46000C1B4E /* AppRouter.swift in Sources */ = {isa = PBXBuildFile; fileRef = E5DCBC8029365C46000C1B4E /* AppRouter.swift */; };
/* End PBXBuildFile section */

/* Begin PBXFileReference section */
		E504B1FA29549FCD00996662 /* UIImage+Extensions.swift */ = {isa = PBXFileReference; lastKnownFileType = sourcecode.swift; path = "UIImage+Extensions.swift"; sourceTree = "<group>"; };
		E504B1FD2954A37E00996662 /* ImageColorDetection.swift */ = {isa = PBXFileReference; lastKnownFileType = sourcecode.swift; path = ImageColorDetection.swift; sourceTree = "<group>"; };
		E504B1FF2954B7C900996662 /* UIImageColors.swift */ = {isa = PBXFileReference; lastKnownFileType = sourcecode.swift; path = UIImageColors.swift; sourceTree = "<group>"; };
		E504B2012954C88100996662 /* ImagePicker.swift */ = {isa = PBXFileReference; lastKnownFileType = sourcecode.swift; path = ImagePicker.swift; sourceTree = "<group>"; };
		E50BF95D2953528200534E82 /* SamplePalettesView.swift */ = {isa = PBXFileReference; lastKnownFileType = sourcecode.swift; path = SamplePalettesView.swift; sourceTree = "<group>"; };
		E50BF960295353E200534E82 /* ColorPaletteCell.swift */ = {isa = PBXFileReference; lastKnownFileType = sourcecode.swift; path = ColorPaletteCell.swift; sourceTree = "<group>"; };
		E50BF9622953563200534E82 /* UIColor+Extensions.swift */ = {isa = PBXFileReference; lastKnownFileType = sourcecode.swift; path = "UIColor+Extensions.swift"; sourceTree = "<group>"; };
		E53D851F291E35E900E73D90 /* OnboardingPageType.swift */ = {isa = PBXFileReference; lastKnownFileType = sourcecode.swift; path = OnboardingPageType.swift; sourceTree = "<group>"; };
		E54263E829388614003334FE /* OnboardingManager.swift */ = {isa = PBXFileReference; lastKnownFileType = sourcecode.swift; path = OnboardingManager.swift; sourceTree = "<group>"; };
		E54263EA29388B0B003334FE /* UserDefaultsKey.swift */ = {isa = PBXFileReference; lastKnownFileType = sourcecode.swift; path = UserDefaultsKey.swift; sourceTree = "<group>"; };
		E54263ED29389820003334FE /* AuthorizationAPI.swift */ = {isa = PBXFileReference; lastKnownFileType = sourcecode.swift; path = AuthorizationAPI.swift; sourceTree = "<group>"; };
		E54263EF2938998D003334FE /* Consts.swift */ = {isa = PBXFileReference; lastKnownFileType = sourcecode.swift; path = Consts.swift; sourceTree = "<group>"; };
		E54263F229389CD4003334FE /* Provider.swift */ = {isa = PBXFileReference; lastKnownFileType = sourcecode.swift; path = Provider.swift; sourceTree = "<group>"; };
		E54263F429389DCD003334FE /* CredentialsManager.swift */ = {isa = PBXFileReference; lastKnownFileType = sourcecode.swift; path = CredentialsManager.swift; sourceTree = "<group>"; };
		E54E48F429347D1F0078B12B /* OnboardingCoordinator.swift */ = {isa = PBXFileReference; lastKnownFileType = sourcecode.swift; path = OnboardingCoordinator.swift; sourceTree = "<group>"; };
		E54E48F6293488290078B12B /* AuthorizationCoordinator.swift */ = {isa = PBXFileReference; lastKnownFileType = sourcecode.swift; path = AuthorizationCoordinator.swift; sourceTree = "<group>"; };
		E54E48FB29349C3E0078B12B /* AppCoordinator.swift */ = {isa = PBXFileReference; lastKnownFileType = sourcecode.swift; path = AppCoordinator.swift; sourceTree = "<group>"; };
		E55031C229577BB80052F544 /* FavoriteManager.swift */ = {isa = PBXFileReference; lastKnownFileType = sourcecode.swift; path = FavoriteManager.swift; sourceTree = "<group>"; };
		E5571C4B291E5925003EBAB0 /* OnboardingView.swift */ = {isa = PBXFileReference; lastKnownFileType = sourcecode.swift; path = OnboardingView.swift; sourceTree = "<group>"; };
		E55BAD6629190B5700B3E233 /* ColorPalette.app */ = {isa = PBXFileReference; explicitFileType = wrapper.application; includeInIndex = 0; path = ColorPalette.app; sourceTree = BUILT_PRODUCTS_DIR; };
		E55BAD6929190B5700B3E233 /* AppDelegate.swift */ = {isa = PBXFileReference; lastKnownFileType = sourcecode.swift; path = AppDelegate.swift; sourceTree = "<group>"; };
		E55BAD6B29190B5800B3E233 /* SceneDelegate.swift */ = {isa = PBXFileReference; lastKnownFileType = sourcecode.swift; path = SceneDelegate.swift; sourceTree = "<group>"; };
		E55BAD7229190B5900B3E233 /* Assets.xcassets */ = {isa = PBXFileReference; lastKnownFileType = folder.assetcatalog; path = Assets.xcassets; sourceTree = "<group>"; };
		E55BAD7529190B5900B3E233 /* Base */ = {isa = PBXFileReference; lastKnownFileType = file.storyboard; name = Base; path = Base.lproj/LaunchScreen.storyboard; sourceTree = "<group>"; };
		E55BAD7729190B5900B3E233 /* Info.plist */ = {isa = PBXFileReference; lastKnownFileType = text.plist.xml; path = Info.plist; sourceTree = "<group>"; };
		E55F6F7B295597E000A8B935 /* SampleColorsView.swift */ = {isa = PBXFileReference; lastKnownFileType = sourcecode.swift; path = SampleColorsView.swift; sourceTree = "<group>"; };
		E55F6F7D29559FCF00A8B935 /* ColorManager.swift */ = {isa = PBXFileReference; lastKnownFileType = sourcecode.swift; path = ColorManager.swift; sourceTree = "<group>"; };
		E55F6F7F2955A02400A8B935 /* AppColor.swift */ = {isa = PBXFileReference; lastKnownFileType = sourcecode.swift; path = AppColor.swift; sourceTree = "<group>"; };
		E55F6F812955A05B00A8B935 /* colors.json */ = {isa = PBXFileReference; fileEncoding = 4; lastKnownFileType = text.json; path = colors.json; sourceTree = "<group>"; };
		E55F6F832955AFBE00A8B935 /* ColorRowView.swift */ = {isa = PBXFileReference; lastKnownFileType = sourcecode.swift; path = ColorRowView.swift; sourceTree = "<group>"; };
		E55F6F862955B6AC00A8B935 /* SearchBarView.swift */ = {isa = PBXFileReference; lastKnownFileType = sourcecode.swift; path = SearchBarView.swift; sourceTree = "<group>"; };
		E55F6F882955C23700A8B935 /* Decodable+Extensions.swift */ = {isa = PBXFileReference; lastKnownFileType = sourcecode.swift; path = "Decodable+Extensions.swift"; sourceTree = "<group>"; };
		E56C0E1E293764ED00A878CB /* TabBarCoordinator.swift */ = {isa = PBXFileReference; lastKnownFileType = sourcecode.swift; path = TabBarCoordinator.swift; sourceTree = "<group>"; };
		E56C0E22293765C700A878CB /* TabBarPage.swift */ = {isa = PBXFileReference; lastKnownFileType = sourcecode.swift; path = TabBarPage.swift; sourceTree = "<group>"; };
		E56C0E2429376CD000A878CB /* ProfileCoordinator.swift */ = {isa = PBXFileReference; lastKnownFileType = sourcecode.swift; path = ProfileCoordinator.swift; sourceTree = "<group>"; };
		E56C0E2A29376D9D00A878CB /* GeneralCoordinator.swift */ = {isa = PBXFileReference; lastKnownFileType = sourcecode.swift; path = GeneralCoordinator.swift; sourceTree = "<group>"; };
		E56C0E2D29376E3600A878CB /* ProfileView.swift */ = {isa = PBXFileReference; lastKnownFileType = sourcecode.swift; path = ProfileView.swift; sourceTree = "<group>"; };
		E56C0E3029376E6400A878CB /* GeneralView.swift */ = {isa = PBXFileReference; lastKnownFileType = sourcecode.swift; path = GeneralView.swift; sourceTree = "<group>"; };
		E56C829D29202B1C0096EB9F /* CALayer+Extensions.swift */ = {isa = PBXFileReference; lastKnownFileType = sourcecode.swift; path = "CALayer+Extensions.swift"; sourceTree = "<group>"; };
		E57A26AB291EA2C40027FAC8 /* String+Extensions.swift */ = {isa = PBXFileReference; lastKnownFileType = sourcecode.swift; path = "String+Extensions.swift"; sourceTree = "<group>"; };
		E57A26AD291EA5C00027FAC8 /* OnboardingPageView.swift */ = {isa = PBXFileReference; lastKnownFileType = sourcecode.swift; path = OnboardingPageView.swift; sourceTree = "<group>"; };
		E57A26AF291EA7480027FAC8 /* ru */ = {isa = PBXFileReference; lastKnownFileType = text.plist.strings; name = ru; path = ru.lproj/LaunchScreen.strings; sourceTree = "<group>"; };
		E57A26B3291EA7F60027FAC8 /* ru */ = {isa = PBXFileReference; lastKnownFileType = text.plist.strings; name = ru; path = ru.lproj/Localizable.strings; sourceTree = "<group>"; };
		E57A26B6291EC2E50027FAC8 /* OnboardingPage.swift */ = {isa = PBXFileReference; lastKnownFileType = sourcecode.swift; path = OnboardingPage.swift; sourceTree = "<group>"; };
		E57A26B9291EC7210027FAC8 /* OnboardingViewModel.swift */ = {isa = PBXFileReference; lastKnownFileType = sourcecode.swift; path = OnboardingViewModel.swift; sourceTree = "<group>"; };
		E57A26BD291ECB0A0027FAC8 /* ColorDetectionViewController.swift */ = {isa = PBXFileReference; lastKnownFileType = sourcecode.swift; path = ColorDetectionViewController.swift; sourceTree = "<group>"; };
		E57AF3A92957222F0002FC75 /* SimilarColorsView.swift */ = {isa = PBXFileReference; lastKnownFileType = sourcecode.swift; path = SimilarColorsView.swift; sourceTree = "<group>"; };
		E57AF3AB2957315B0002FC75 /* ColorInfoView.swift */ = {isa = PBXFileReference; lastKnownFileType = sourcecode.swift; path = ColorInfoView.swift; sourceTree = "<group>"; };
		E5BAE91E295413CC005DF70B /* ColorPalette.swift */ = {isa = PBXFileReference; lastKnownFileType = sourcecode.swift; path = ColorPalette.swift; sourceTree = "<group>"; };
		E5BAE92029541A35005DF70B /* ColorPaletteView.swift */ = {isa = PBXFileReference; lastKnownFileType = sourcecode.swift; path = ColorPaletteView.swift; sourceTree = "<group>"; };
		E5BAE92329542C54005DF70B /* ColorTypePickerView.swift */ = {isa = PBXFileReference; lastKnownFileType = sourcecode.swift; path = ColorTypePickerView.swift; sourceTree = "<group>"; };
		E5C2AEAE2937416300508DF4 /* LoginView.swift */ = {isa = PBXFileReference; lastKnownFileType = sourcecode.swift; path = LoginView.swift; sourceTree = "<group>"; };
		E5C2AEB02937476600508DF4 /* RegistrationView.swift */ = {isa = PBXFileReference; lastKnownFileType = sourcecode.swift; path = RegistrationView.swift; sourceTree = "<group>"; };
		E5C2AEB2293749A900508DF4 /* LoginViewModel.swift */ = {isa = PBXFileReference; lastKnownFileType = sourcecode.swift; path = LoginViewModel.swift; sourceTree = "<group>"; };
		E5CF202F29575C6000143582 /* AddNewColorView.swift */ = {isa = PBXFileReference; lastKnownFileType = sourcecode.swift; path = AddNewColorView.swift; sourceTree = "<group>"; };
		E5D068A22955F12000E0BBE2 /* CGFloat+Extensions.swift */ = {isa = PBXFileReference; lastKnownFileType = sourcecode.swift; path = "CGFloat+Extensions.swift"; sourceTree = "<group>"; };
		E5DCBC8029365C46000C1B4E /* AppRouter.swift */ = {isa = PBXFileReference; lastKnownFileType = sourcecode.swift; path = AppRouter.swift; sourceTree = "<group>"; };
/* End PBXFileReference section */

/* Begin PBXFrameworksBuildPhase section */
		E55BAD6329190B5700B3E233 /* Frameworks */ = {
			isa = PBXFrameworksBuildPhase;
			buildActionMask = 2147483647;
			files = (
				E55BAD8D2919119D00B3E233 /* RxMoya in Frameworks */,
				E5056B72291914E8008C6120 /* SnapKit in Frameworks */,
				E55BAD8B2919119D00B3E233 /* Moya in Frameworks */,
				E55BAD892919119D00B3E233 /* CombineMoya in Frameworks */,
			);
			runOnlyForDeploymentPostprocessing = 0;
		};
/* End PBXFrameworksBuildPhase section */

/* Begin PBXGroup section */
		E504B1FC2954A35300996662 /* ImageColorDetection */ = {
			isa = PBXGroup;
			children = (
				E504B1FD2954A37E00996662 /* ImageColorDetection.swift */,
			);
			path = ImageColorDetection;
			sourceTree = "<group>";
		};
		E50BF95C2953526C00534E82 /* SamplePalettes */ = {
			isa = PBXGroup;
			children = (
				E50BF95F295353C600534E82 /* Components */,
				E50BF95D2953528200534E82 /* SamplePalettesView.swift */,
			);
			path = SamplePalettes;
			sourceTree = "<group>";
		};
		E50BF95F295353C600534E82 /* Components */ = {
			isa = PBXGroup;
			children = (
				E50BF960295353E200534E82 /* ColorPaletteCell.swift */,
			);
			path = Components;
			sourceTree = "<group>";
		};
		E53D851C291E358500E73D90 /* Components */ = {
			isa = PBXGroup;
			children = (
				E53D851F291E35E900E73D90 /* OnboardingPageType.swift */,
				E57A26AD291EA5C00027FAC8 /* OnboardingPageView.swift */,
			);
			path = Components;
			sourceTree = "<group>";
		};
		E54263E7293884CA003334FE /* Services */ = {
			isa = PBXGroup;
			children = (
				E54263EC29389802003334FE /* API */,
				E54263E829388614003334FE /* OnboardingManager.swift */,
				E54263F429389DCD003334FE /* CredentialsManager.swift */,
				E55F6F7D29559FCF00A8B935 /* ColorManager.swift */,
				E55031C229577BB80052F544 /* FavoriteManager.swift */,
			);
			path = Services;
			sourceTree = "<group>";
		};
		E54263EC29389802003334FE /* API */ = {
			isa = PBXGroup;
			children = (
				E54263F129389CBE003334FE /* Authorization */,
				E54263F229389CD4003334FE /* Provider.swift */,
			);
			path = API;
			sourceTree = "<group>";
		};
		E54263F129389CBE003334FE /* Authorization */ = {
			isa = PBXGroup;
			children = (
				E54263ED29389820003334FE /* AuthorizationAPI.swift */,
			);
			path = Authorization;
			sourceTree = "<group>";
		};
		E54E48F829348FD50078B12B /* Authorization */ = {
			isa = PBXGroup;
			children = (
				E5C2AEAC2937401000508DF4 /* LoginScreen */,
				E5C2AEAD2937401D00508DF4 /* RegistrationScreen */,
			);
			path = Authorization;
			sourceTree = "<group>";
		};
		E55BAD5D29190B5700B3E233 = {
			isa = PBXGroup;
			children = (
				E55BAD6829190B5700B3E233 /* ColorPalette */,
				E55BAD6729190B5700B3E233 /* Products */,
			);
			sourceTree = "<group>";
		};
		E55BAD6729190B5700B3E233 /* Products */ = {
			isa = PBXGroup;
			children = (
				E55BAD6629190B5700B3E233 /* ColorPalette.app */,
			);
			name = Products;
			sourceTree = "<group>";
		};
		E55BAD6829190B5700B3E233 /* ColorPalette */ = {
			isa = PBXGroup;
			children = (
				E55BAD7D29190C0C00B3E233 /* Application */,
				E55BAD8029190CF200B3E233 /* Coordinators */,
				E57A26A9291EA2A60027FAC8 /* Helpers */,
				E5BAE91B295413AC005DF70B /* Models */,
				E55BAD7F29190CE600B3E233 /* Modules */,
				E54263E7293884CA003334FE /* Services */,
				E55BAD7E29190C3200B3E233 /* Resources */,
			);
			path = ColorPalette;
			sourceTree = "<group>";
		};
		E55BAD7D29190C0C00B3E233 /* Application */ = {
			isa = PBXGroup;
			children = (
				E55BAD6929190B5700B3E233 /* AppDelegate.swift */,
				E55BAD6B29190B5800B3E233 /* SceneDelegate.swift */,
				E55BAD7429190B5900B3E233 /* LaunchScreen.storyboard */,
				E55BAD7729190B5900B3E233 /* Info.plist */,
			);
			path = Application;
			sourceTree = "<group>";
		};
		E55BAD7E29190C3200B3E233 /* Resources */ = {
			isa = PBXGroup;
			children = (
				E55F6F812955A05B00A8B935 /* colors.json */,
				E55BAD7229190B5900B3E233 /* Assets.xcassets */,
				E57A26B4291EA7F60027FAC8 /* Localizable.strings */,
			);
			path = Resources;
			sourceTree = "<group>";
		};
		E55BAD7F29190CE600B3E233 /* Modules */ = {
			isa = PBXGroup;
			children = (
				E5CF202E29575C0300143582 /* AddNewColor */,
				E55F6F7A295597C400A8B935 /* SampleColors */,
				E504B1FC2954A35300996662 /* ImageColorDetection */,
				E5BAE92229541DC6005DF70B /* ColorPaletteInfo */,
				E50BF95C2953526C00534E82 /* SamplePalettes */,
				E56C0E2F29376E5700A878CB /* General */,
				E56C0E2C29376E2A00A878CB /* Profile */,
				E54E48F829348FD50078B12B /* Authorization */,
				E57A26BB291ECAF70027FAC8 /* ColorDetection */,
				E55BAD8329190DE300B3E233 /* Onboarding */,
			);
			path = Modules;
			sourceTree = "<group>";
		};
		E55BAD8029190CF200B3E233 /* Coordinators */ = {
			isa = PBXGroup;
			children = (
				E54E48FB29349C3E0078B12B /* AppCoordinator.swift */,
				E5DCBC8029365C46000C1B4E /* AppRouter.swift */,
				E56C0E1E293764ED00A878CB /* TabBarCoordinator.swift */,
				E56C0E2629376D5000A878CB /* Authorization */,
				E56C0E2729376D5D00A878CB /* Onboarding */,
				E56C0E2929376D8C00A878CB /* General */,
				E56C0E2829376D8200A878CB /* Profile */,
			);
			path = Coordinators;
			sourceTree = "<group>";
		};
		E55BAD8329190DE300B3E233 /* Onboarding */ = {
			isa = PBXGroup;
			children = (
				E57A26B8291EC70F0027FAC8 /* ViewModel */,
				E57A26B5291EC2CC0027FAC8 /* Models */,
				E53D851C291E358500E73D90 /* Components */,
				E55BAD8429190DEF00B3E233 /* View */,
			);
			path = Onboarding;
			sourceTree = "<group>";
		};
		E55BAD8429190DEF00B3E233 /* View */ = {
			isa = PBXGroup;
			children = (
				E5571C4B291E5925003EBAB0 /* OnboardingView.swift */,
			);
			path = View;
			sourceTree = "<group>";
		};
		E55F6F7A295597C400A8B935 /* SampleColors */ = {
			isa = PBXGroup;
			children = (
				E55F6F7B295597E000A8B935 /* SampleColorsView.swift */,
				E55F6F852955B69D00A8B935 /* Components */,
			);
			path = SampleColors;
			sourceTree = "<group>";
		};
		E55F6F852955B69D00A8B935 /* Components */ = {
			isa = PBXGroup;
			children = (
				E55F6F832955AFBE00A8B935 /* ColorRowView.swift */,
				E55F6F862955B6AC00A8B935 /* SearchBarView.swift */,
				E57AF3A92957222F0002FC75 /* SimilarColorsView.swift */,
				E57AF3AB2957315B0002FC75 /* ColorInfoView.swift */,
			);
			path = Components;
			sourceTree = "<group>";
		};
		E55F6F8A2955CD9600A8B935 /* UIImage+UIColor */ = {
			isa = PBXGroup;
			children = (
				E504B1FF2954B7C900996662 /* UIImageColors.swift */,
			);
			path = "UIImage+UIColor";
			sourceTree = "<group>";
		};
		E56C0E20293765B200A878CB /* Components */ = {
			isa = PBXGroup;
			children = (
				E56C0E21293765BB00A878CB /* TabBar */,
				E504B2012954C88100996662 /* ImagePicker.swift */,
			);
			path = Components;
			sourceTree = "<group>";
		};
		E56C0E21293765BB00A878CB /* TabBar */ = {
			isa = PBXGroup;
			children = (
				E56C0E22293765C700A878CB /* TabBarPage.swift */,
			);
			path = TabBar;
			sourceTree = "<group>";
		};
		E56C0E2629376D5000A878CB /* Authorization */ = {
			isa = PBXGroup;
			children = (
				E54E48F6293488290078B12B /* AuthorizationCoordinator.swift */,
			);
			path = Authorization;
			sourceTree = "<group>";
		};
		E56C0E2729376D5D00A878CB /* Onboarding */ = {
			isa = PBXGroup;
			children = (
				E54E48F429347D1F0078B12B /* OnboardingCoordinator.swift */,
			);
			path = Onboarding;
			sourceTree = "<group>";
		};
		E56C0E2829376D8200A878CB /* Profile */ = {
			isa = PBXGroup;
			children = (
				E56C0E2429376CD000A878CB /* ProfileCoordinator.swift */,
			);
			path = Profile;
			sourceTree = "<group>";
		};
		E56C0E2929376D8C00A878CB /* General */ = {
			isa = PBXGroup;
			children = (
				E56C0E2A29376D9D00A878CB /* GeneralCoordinator.swift */,
			);
			path = General;
			sourceTree = "<group>";
		};
		E56C0E2C29376E2A00A878CB /* Profile */ = {
			isa = PBXGroup;
			children = (
				E56C0E2D29376E3600A878CB /* ProfileView.swift */,
			);
			path = Profile;
			sourceTree = "<group>";
		};
		E56C0E2F29376E5700A878CB /* General */ = {
			isa = PBXGroup;
			children = (
				E56C0E3029376E6400A878CB /* GeneralView.swift */,
			);
			path = General;
			sourceTree = "<group>";
		};
		E57A26A9291EA2A60027FAC8 /* Helpers */ = {
			isa = PBXGroup;
			children = (
				E56C0E20293765B200A878CB /* Components */,
				E57A26AA291EA2AC0027FAC8 /* Extensions */,
				E54263EF2938998D003334FE /* Consts.swift */,
				E54263EA29388B0B003334FE /* UserDefaultsKey.swift */,
			);
			path = Helpers;
			sourceTree = "<group>";
		};
		E57A26AA291EA2AC0027FAC8 /* Extensions */ = {
			isa = PBXGroup;
			children = (
				E55F6F8A2955CD9600A8B935 /* UIImage+UIColor */,
				E57A26AB291EA2C40027FAC8 /* String+Extensions.swift */,
				E56C829D29202B1C0096EB9F /* CALayer+Extensions.swift */,
				E50BF9622953563200534E82 /* UIColor+Extensions.swift */,
				E504B1FA29549FCD00996662 /* UIImage+Extensions.swift */,
				E55F6F882955C23700A8B935 /* Decodable+Extensions.swift */,
				E5D068A22955F12000E0BBE2 /* CGFloat+Extensions.swift */,
			);
			path = Extensions;
			sourceTree = "<group>";
		};
		E57A26B5291EC2CC0027FAC8 /* Models */ = {
			isa = PBXGroup;
			children = (
				E57A26B6291EC2E50027FAC8 /* OnboardingPage.swift */,
			);
			path = Models;
			sourceTree = "<group>";
		};
		E57A26B8291EC70F0027FAC8 /* ViewModel */ = {
			isa = PBXGroup;
			children = (
				E57A26B9291EC7210027FAC8 /* OnboardingViewModel.swift */,
			);
			path = ViewModel;
			sourceTree = "<group>";
		};
		E57A26BB291ECAF70027FAC8 /* ColorDetection */ = {
			isa = PBXGroup;
			children = (
				E57A26BC291ECAFF0027FAC8 /* View */,
			);
			path = ColorDetection;
			sourceTree = "<group>";
		};
		E57A26BC291ECAFF0027FAC8 /* View */ = {
			isa = PBXGroup;
			children = (
				E57A26BD291ECB0A0027FAC8 /* ColorDetectionViewController.swift */,
			);
			path = View;
			sourceTree = "<group>";
		};
		E5BAE91B295413AC005DF70B /* Models */ = {
			isa = PBXGroup;
			children = (
				E5BAE91D295413BD005DF70B /* Server */,
				E5BAE91C295413B4005DF70B /* Local */,
			);
			path = Models;
			sourceTree = "<group>";
		};
		E5BAE91C295413B4005DF70B /* Local */ = {
			isa = PBXGroup;
			children = (
				E55F6F7F2955A02400A8B935 /* AppColor.swift */,
				E5BAE91E295413CC005DF70B /* ColorPalette.swift */,
			);
			path = Local;
			sourceTree = "<group>";
		};
		E5BAE91D295413BD005DF70B /* Server */ = {
			isa = PBXGroup;
			children = (
			);
			path = Server;
			sourceTree = "<group>";
		};
		E5BAE92229541DC6005DF70B /* ColorPaletteInfo */ = {
			isa = PBXGroup;
			children = (
				E5BAE92029541A35005DF70B /* ColorPaletteView.swift */,
				E5BAE92329542C54005DF70B /* ColorTypePickerView.swift */,
			);
			path = ColorPaletteInfo;
			sourceTree = "<group>";
		};
		E5C2AEAC2937401000508DF4 /* LoginScreen */ = {
			isa = PBXGroup;
			children = (
				E5C2AEAE2937416300508DF4 /* LoginView.swift */,
				E5C2AEB2293749A900508DF4 /* LoginViewModel.swift */,
			);
			path = LoginScreen;
			sourceTree = "<group>";
		};
		E5C2AEAD2937401D00508DF4 /* RegistrationScreen */ = {
			isa = PBXGroup;
			children = (
				E5C2AEB02937476600508DF4 /* RegistrationView.swift */,
			);
			path = RegistrationScreen;
			sourceTree = "<group>";
		};
		E5CF202E29575C0300143582 /* AddNewColor */ = {
			isa = PBXGroup;
			children = (
				E5CF202F29575C6000143582 /* AddNewColorView.swift */,
			);
			path = AddNewColor;
			sourceTree = "<group>";
		};
/* End PBXGroup section */

/* Begin PBXNativeTarget section */
		E55BAD6529190B5700B3E233 /* ColorPalette */ = {
			isa = PBXNativeTarget;
			buildConfigurationList = E55BAD7A29190B5900B3E233 /* Build configuration list for PBXNativeTarget "ColorPalette" */;
			buildPhases = (
				E55BAD6229190B5700B3E233 /* Sources */,
				E55BAD6329190B5700B3E233 /* Frameworks */,
				E55BAD6429190B5700B3E233 /* Resources */,
			);
			buildRules = (
			);
			dependencies = (
			);
			name = ColorPalette;
			packageProductDependencies = (
				E55BAD882919119D00B3E233 /* CombineMoya */,
				E55BAD8A2919119D00B3E233 /* Moya */,
				E55BAD8C2919119D00B3E233 /* RxMoya */,
				E5056B71291914E8008C6120 /* SnapKit */,
			);
			productName = ColorPalette;
			productReference = E55BAD6629190B5700B3E233 /* ColorPalette.app */;
			productType = "com.apple.product-type.application";
		};
/* End PBXNativeTarget section */

/* Begin PBXProject section */
		E55BAD5E29190B5700B3E233 /* Project object */ = {
			isa = PBXProject;
			attributes = {
				BuildIndependentTargetsInParallel = 1;
				LastSwiftUpdateCheck = 1410;
				LastUpgradeCheck = 1410;
				TargetAttributes = {
					E55BAD6529190B5700B3E233 = {
						CreatedOnToolsVersion = 14.1;
					};
				};
			};
			buildConfigurationList = E55BAD6129190B5700B3E233 /* Build configuration list for PBXProject "ColorPalette" */;
			compatibilityVersion = "Xcode 14.0";
			developmentRegion = en;
			hasScannedForEncodings = 0;
			knownRegions = (
				en,
				Base,
				ru,
			);
			mainGroup = E55BAD5D29190B5700B3E233;
			packageReferences = (
				E55BAD872919119D00B3E233 /* XCRemoteSwiftPackageReference "Moya" */,
				E5056B70291914E8008C6120 /* XCRemoteSwiftPackageReference "SnapKit" */,
			);
			productRefGroup = E55BAD6729190B5700B3E233 /* Products */;
			projectDirPath = "";
			projectRoot = "";
			targets = (
				E55BAD6529190B5700B3E233 /* ColorPalette */,
			);
		};
/* End PBXProject section */

/* Begin PBXResourcesBuildPhase section */
		E55BAD6429190B5700B3E233 /* Resources */ = {
			isa = PBXResourcesBuildPhase;
			buildActionMask = 2147483647;
			files = (
				E55BAD7629190B5900B3E233 /* LaunchScreen.storyboard in Resources */,
				E55F6F822955A05B00A8B935 /* colors.json in Resources */,
				E57A26B2291EA7F60027FAC8 /* Localizable.strings in Resources */,
				E55BAD7329190B5900B3E233 /* Assets.xcassets in Resources */,
			);
			runOnlyForDeploymentPostprocessing = 0;
		};
/* End PBXResourcesBuildPhase section */

/* Begin PBXSourcesBuildPhase section */
		E55BAD6229190B5700B3E233 /* Sources */ = {
			isa = PBXSourcesBuildPhase;
			buildActionMask = 2147483647;
			files = (
				E504B2022954C88100996662 /* ImagePicker.swift in Sources */,
				E54263EB29388B0B003334FE /* UserDefaultsKey.swift in Sources */,
				E55BAD6A29190B5700B3E233 /* AppDelegate.swift in Sources */,
				E55F6F892955C23700A8B935 /* Decodable+Extensions.swift in Sources */,
				E56C0E2B29376D9D00A878CB /* GeneralCoordinator.swift in Sources */,
				E5DCBC8129365C46000C1B4E /* AppRouter.swift in Sources */,
				E55F6F7E29559FCF00A8B935 /* ColorManager.swift in Sources */,
				E56C0E3129376E6400A878CB /* GeneralView.swift in Sources */,
				E54E48FC29349C3E0078B12B /* AppCoordinator.swift in Sources */,
				E5C2AEAF2937416300508DF4 /* LoginView.swift in Sources */,
				E57AF3AA2957222F0002FC75 /* SimilarColorsView.swift in Sources */,
				E54263F02938998D003334FE /* Consts.swift in Sources */,
				E54E48F7293488290078B12B /* AuthorizationCoordinator.swift in Sources */,
				E5D068A32955F12000E0BBE2 /* CGFloat+Extensions.swift in Sources */,
				E55F6F802955A02400A8B935 /* AppColor.swift in Sources */,
				E57A26AE291EA5C00027FAC8 /* OnboardingPageView.swift in Sources */,
				E5571C4C291E5925003EBAB0 /* OnboardingView.swift in Sources */,
				E50BF9632953563200534E82 /* UIColor+Extensions.swift in Sources */,
				E5C2AEB12937476600508DF4 /* RegistrationView.swift in Sources */,
				E504B2002954B7C900996662 /* UIImageColors.swift in Sources */,
				E57AF3AC2957315B0002FC75 /* ColorInfoView.swift in Sources */,
				E56C0E2529376CD000A878CB /* ProfileCoordinator.swift in Sources */,
				E504B1FE2954A37E00996662 /* ImageColorDetection.swift in Sources */,
				E50BF961295353E200534E82 /* ColorPaletteCell.swift in Sources */,
				E504B1FB29549FCD00996662 /* UIImage+Extensions.swift in Sources */,
				E5CF203029575C6000143582 /* AddNewColorView.swift in Sources */,
				E53D8520291E35E900E73D90 /* OnboardingPageType.swift in Sources */,
				E57A26BA291EC7210027FAC8 /* OnboardingViewModel.swift in Sources */,
				E5C2AEB3293749A900508DF4 /* LoginViewModel.swift in Sources */,
				E50BF95E2953528200534E82 /* SamplePalettesView.swift in Sources */,
				E55F6F842955AFBE00A8B935 /* ColorRowView.swift in Sources */,
				E54263F329389CD4003334FE /* Provider.swift in Sources */,
				E54E48F529347D1F0078B12B /* OnboardingCoordinator.swift in Sources */,
				E57A26AC291EA2C40027FAC8 /* String+Extensions.swift in Sources */,
				E56C829E29202B1C0096EB9F /* CALayer+Extensions.swift in Sources */,
				E56C0E1F293764ED00A878CB /* TabBarCoordinator.swift in Sources */,
				E5BAE92129541A35005DF70B /* ColorPaletteView.swift in Sources */,
				E56C0E23293765C700A878CB /* TabBarPage.swift in Sources */,
				E54263F529389DCD003334FE /* CredentialsManager.swift in Sources */,
				E54263EE29389820003334FE /* AuthorizationAPI.swift in Sources */,
				E55BAD6C29190B5800B3E233 /* SceneDelegate.swift in Sources */,
				E57A26B7291EC2E50027FAC8 /* OnboardingPage.swift in Sources */,
				E56C0E2E29376E3600A878CB /* ProfileView.swift in Sources */,
				E57A26BE291ECB0A0027FAC8 /* ColorDetectionViewController.swift in Sources */,
				E5BAE92429542C54005DF70B /* ColorTypePickerView.swift in Sources */,
				E55031C329577BB80052F544 /* FavoriteManager.swift in Sources */,
				E55F6F872955B6AC00A8B935 /* SearchBarView.swift in Sources */,
				E55F6F7C295597E000A8B935 /* SampleColorsView.swift in Sources */,
				E54263E929388614003334FE /* OnboardingManager.swift in Sources */,
				E5BAE91F295413CC005DF70B /* ColorPalette.swift in Sources */,
			);
			runOnlyForDeploymentPostprocessing = 0;
		};
/* End PBXSourcesBuildPhase section */

/* Begin PBXVariantGroup section */
		E55BAD7429190B5900B3E233 /* LaunchScreen.storyboard */ = {
			isa = PBXVariantGroup;
			children = (
				E55BAD7529190B5900B3E233 /* Base */,
				E57A26AF291EA7480027FAC8 /* ru */,
			);
			name = LaunchScreen.storyboard;
			sourceTree = "<group>";
		};
		E57A26B4291EA7F60027FAC8 /* Localizable.strings */ = {
			isa = PBXVariantGroup;
			children = (
				E57A26B3291EA7F60027FAC8 /* ru */,
			);
			name = Localizable.strings;
			sourceTree = "<group>";
		};
/* End PBXVariantGroup section */

/* Begin XCBuildConfiguration section */
		E55BAD7829190B5900B3E233 /* Debug */ = {
			isa = XCBuildConfiguration;
			buildSettings = {
				ALWAYS_SEARCH_USER_PATHS = NO;
				CLANG_ANALYZER_LOCALIZABILITY_NONLOCALIZED = YES;
				CLANG_ANALYZER_NONNULL = YES;
				CLANG_ANALYZER_NUMBER_OBJECT_CONVERSION = YES_AGGRESSIVE;
				CLANG_CXX_LANGUAGE_STANDARD = "gnu++20";
				CLANG_ENABLE_MODULES = YES;
				CLANG_ENABLE_OBJC_ARC = YES;
				CLANG_ENABLE_OBJC_WEAK = YES;
				CLANG_WARN_BLOCK_CAPTURE_AUTORELEASING = YES;
				CLANG_WARN_BOOL_CONVERSION = YES;
				CLANG_WARN_COMMA = YES;
				CLANG_WARN_CONSTANT_CONVERSION = YES;
				CLANG_WARN_DEPRECATED_OBJC_IMPLEMENTATIONS = YES;
				CLANG_WARN_DIRECT_OBJC_ISA_USAGE = YES_ERROR;
				CLANG_WARN_DOCUMENTATION_COMMENTS = YES;
				CLANG_WARN_EMPTY_BODY = YES;
				CLANG_WARN_ENUM_CONVERSION = YES;
				CLANG_WARN_INFINITE_RECURSION = YES;
				CLANG_WARN_INT_CONVERSION = YES;
				CLANG_WARN_NON_LITERAL_NULL_CONVERSION = YES;
				CLANG_WARN_OBJC_IMPLICIT_RETAIN_SELF = YES;
				CLANG_WARN_OBJC_LITERAL_CONVERSION = YES;
				CLANG_WARN_OBJC_ROOT_CLASS = YES_ERROR;
				CLANG_WARN_QUOTED_INCLUDE_IN_FRAMEWORK_HEADER = YES;
				CLANG_WARN_RANGE_LOOP_ANALYSIS = YES;
				CLANG_WARN_STRICT_PROTOTYPES = YES;
				CLANG_WARN_SUSPICIOUS_MOVE = YES;
				CLANG_WARN_UNGUARDED_AVAILABILITY = YES_AGGRESSIVE;
				CLANG_WARN_UNREACHABLE_CODE = YES;
				CLANG_WARN__DUPLICATE_METHOD_MATCH = YES;
				COPY_PHASE_STRIP = NO;
				DEBUG_INFORMATION_FORMAT = dwarf;
				ENABLE_STRICT_OBJC_MSGSEND = YES;
				ENABLE_TESTABILITY = YES;
				GCC_C_LANGUAGE_STANDARD = gnu11;
				GCC_DYNAMIC_NO_PIC = NO;
				GCC_NO_COMMON_BLOCKS = YES;
				GCC_OPTIMIZATION_LEVEL = 0;
				GCC_PREPROCESSOR_DEFINITIONS = (
					"DEBUG=1",
					"$(inherited)",
				);
				GCC_WARN_64_TO_32_BIT_CONVERSION = YES;
				GCC_WARN_ABOUT_RETURN_TYPE = YES_ERROR;
				GCC_WARN_UNDECLARED_SELECTOR = YES;
				GCC_WARN_UNINITIALIZED_AUTOS = YES_AGGRESSIVE;
				GCC_WARN_UNUSED_FUNCTION = YES;
				GCC_WARN_UNUSED_VARIABLE = YES;
				IPHONEOS_DEPLOYMENT_TARGET = 14.0;
				MTL_ENABLE_DEBUG_INFO = INCLUDE_SOURCE;
				MTL_FAST_MATH = YES;
				ONLY_ACTIVE_ARCH = YES;
				SDKROOT = iphoneos;
				SWIFT_ACTIVE_COMPILATION_CONDITIONS = DEBUG;
				SWIFT_OPTIMIZATION_LEVEL = "-Onone";
			};
			name = Debug;
		};
		E55BAD7929190B5900B3E233 /* Release */ = {
			isa = XCBuildConfiguration;
			buildSettings = {
				ALWAYS_SEARCH_USER_PATHS = NO;
				CLANG_ANALYZER_LOCALIZABILITY_NONLOCALIZED = YES;
				CLANG_ANALYZER_NONNULL = YES;
				CLANG_ANALYZER_NUMBER_OBJECT_CONVERSION = YES_AGGRESSIVE;
				CLANG_CXX_LANGUAGE_STANDARD = "gnu++20";
				CLANG_ENABLE_MODULES = YES;
				CLANG_ENABLE_OBJC_ARC = YES;
				CLANG_ENABLE_OBJC_WEAK = YES;
				CLANG_WARN_BLOCK_CAPTURE_AUTORELEASING = YES;
				CLANG_WARN_BOOL_CONVERSION = YES;
				CLANG_WARN_COMMA = YES;
				CLANG_WARN_CONSTANT_CONVERSION = YES;
				CLANG_WARN_DEPRECATED_OBJC_IMPLEMENTATIONS = YES;
				CLANG_WARN_DIRECT_OBJC_ISA_USAGE = YES_ERROR;
				CLANG_WARN_DOCUMENTATION_COMMENTS = YES;
				CLANG_WARN_EMPTY_BODY = YES;
				CLANG_WARN_ENUM_CONVERSION = YES;
				CLANG_WARN_INFINITE_RECURSION = YES;
				CLANG_WARN_INT_CONVERSION = YES;
				CLANG_WARN_NON_LITERAL_NULL_CONVERSION = YES;
				CLANG_WARN_OBJC_IMPLICIT_RETAIN_SELF = YES;
				CLANG_WARN_OBJC_LITERAL_CONVERSION = YES;
				CLANG_WARN_OBJC_ROOT_CLASS = YES_ERROR;
				CLANG_WARN_QUOTED_INCLUDE_IN_FRAMEWORK_HEADER = YES;
				CLANG_WARN_RANGE_LOOP_ANALYSIS = YES;
				CLANG_WARN_STRICT_PROTOTYPES = YES;
				CLANG_WARN_SUSPICIOUS_MOVE = YES;
				CLANG_WARN_UNGUARDED_AVAILABILITY = YES_AGGRESSIVE;
				CLANG_WARN_UNREACHABLE_CODE = YES;
				CLANG_WARN__DUPLICATE_METHOD_MATCH = YES;
				COPY_PHASE_STRIP = NO;
				DEBUG_INFORMATION_FORMAT = "dwarf-with-dsym";
				ENABLE_NS_ASSERTIONS = NO;
				ENABLE_STRICT_OBJC_MSGSEND = YES;
				GCC_C_LANGUAGE_STANDARD = gnu11;
				GCC_NO_COMMON_BLOCKS = YES;
				GCC_WARN_64_TO_32_BIT_CONVERSION = YES;
				GCC_WARN_ABOUT_RETURN_TYPE = YES_ERROR;
				GCC_WARN_UNDECLARED_SELECTOR = YES;
				GCC_WARN_UNINITIALIZED_AUTOS = YES_AGGRESSIVE;
				GCC_WARN_UNUSED_FUNCTION = YES;
				GCC_WARN_UNUSED_VARIABLE = YES;
				IPHONEOS_DEPLOYMENT_TARGET = 14.0;
				MTL_ENABLE_DEBUG_INFO = NO;
				MTL_FAST_MATH = YES;
				SDKROOT = iphoneos;
				SWIFT_COMPILATION_MODE = wholemodule;
				SWIFT_OPTIMIZATION_LEVEL = "-O";
				VALIDATE_PRODUCT = YES;
			};
			name = Release;
		};
		E55BAD7B29190B5900B3E233 /* Debug */ = {
			isa = XCBuildConfiguration;
			buildSettings = {
				ASSETCATALOG_COMPILER_APPICON_NAME = AppIcon;
				ASSETCATALOG_COMPILER_GLOBAL_ACCENT_COLOR_NAME = AccentColor;
				CODE_SIGN_STYLE = Automatic;
				CURRENT_PROJECT_VERSION = 1;
				DEVELOPMENT_TEAM = UC5X22LFU8;
				GENERATE_INFOPLIST_FILE = YES;
				INFOPLIST_FILE = ColorPalette/Application/Info.plist;
				INFOPLIST_KEY_LSApplicationCategoryType = "public.app-category.productivity";
				INFOPLIST_KEY_UIApplicationSupportsIndirectInputEvents = YES;
				INFOPLIST_KEY_UILaunchStoryboardName = LaunchScreen;
				INFOPLIST_KEY_UISupportedInterfaceOrientations = UIInterfaceOrientationPortrait;
				IPHONEOS_DEPLOYMENT_TARGET = 15.0;
				LD_RUNPATH_SEARCH_PATHS = (
					"$(inherited)",
					"@executable_path/Frameworks",
				);
				MARKETING_VERSION = 1.0;
				"OTHER_SWIFT_FLAGS[sdk=iphonesimulator*]" = "-D IOS_SIMULATOR";
				PRODUCT_BUNDLE_IDENTIFIER = kkolesss.ColorPalette;
				PRODUCT_NAME = "$(TARGET_NAME)";
				SUPPORTED_PLATFORMS = "iphoneos iphonesimulator";
				SUPPORTS_MACCATALYST = NO;
				SUPPORTS_MAC_DESIGNED_FOR_IPHONE_IPAD = NO;
				SWIFT_EMIT_LOC_STRINGS = YES;
				SWIFT_VERSION = 5.0;
				TARGETED_DEVICE_FAMILY = 1;
			};
			name = Debug;
		};
		E55BAD7C29190B5900B3E233 /* Release */ = {
			isa = XCBuildConfiguration;
			buildSettings = {
				ASSETCATALOG_COMPILER_APPICON_NAME = AppIcon;
				ASSETCATALOG_COMPILER_GLOBAL_ACCENT_COLOR_NAME = AccentColor;
				CODE_SIGN_STYLE = Automatic;
				CURRENT_PROJECT_VERSION = 1;
				DEVELOPMENT_TEAM = UC5X22LFU8;
				GENERATE_INFOPLIST_FILE = YES;
				INFOPLIST_FILE = ColorPalette/Application/Info.plist;
				INFOPLIST_KEY_LSApplicationCategoryType = "public.app-category.productivity";
				INFOPLIST_KEY_UIApplicationSupportsIndirectInputEvents = YES;
				INFOPLIST_KEY_UILaunchStoryboardName = LaunchScreen;
				INFOPLIST_KEY_UISupportedInterfaceOrientations = UIInterfaceOrientationPortrait;
				IPHONEOS_DEPLOYMENT_TARGET = 15.0;
				LD_RUNPATH_SEARCH_PATHS = (
					"$(inherited)",
					"@executable_path/Frameworks",
				);
				MARKETING_VERSION = 1.0;
				PRODUCT_BUNDLE_IDENTIFIER = kkolesss.ColorPalette;
				PRODUCT_NAME = "$(TARGET_NAME)";
				SUPPORTED_PLATFORMS = "iphoneos iphonesimulator";
				SUPPORTS_MACCATALYST = NO;
				SUPPORTS_MAC_DESIGNED_FOR_IPHONE_IPAD = NO;
				SWIFT_EMIT_LOC_STRINGS = YES;
				SWIFT_VERSION = 5.0;
				TARGETED_DEVICE_FAMILY = 1;
			};
			name = Release;
		};
/* End XCBuildConfiguration section */

/* Begin XCConfigurationList section */
		E55BAD6129190B5700B3E233 /* Build configuration list for PBXProject "ColorPalette" */ = {
			isa = XCConfigurationList;
			buildConfigurations = (
				E55BAD7829190B5900B3E233 /* Debug */,
				E55BAD7929190B5900B3E233 /* Release */,
			);
			defaultConfigurationIsVisible = 0;
			defaultConfigurationName = Release;
		};
		E55BAD7A29190B5900B3E233 /* Build configuration list for PBXNativeTarget "ColorPalette" */ = {
			isa = XCConfigurationList;
			buildConfigurations = (
				E55BAD7B29190B5900B3E233 /* Debug */,
				E55BAD7C29190B5900B3E233 /* Release */,
			);
			defaultConfigurationIsVisible = 0;
			defaultConfigurationName = Release;
		};
/* End XCConfigurationList section */

/* Begin XCRemoteSwiftPackageReference section */
		E5056B70291914E8008C6120 /* XCRemoteSwiftPackageReference "SnapKit" */ = {
			isa = XCRemoteSwiftPackageReference;
			repositoryURL = "https://github.com/SnapKit/SnapKit";
			requirement = {
				kind = upToNextMinorVersion;
				minimumVersion = 5.6.0;
			};
		};
		E55BAD872919119D00B3E233 /* XCRemoteSwiftPackageReference "Moya" */ = {
			isa = XCRemoteSwiftPackageReference;
			repositoryURL = "https://github.com/Moya/Moya";
			requirement = {
				kind = upToNextMinorVersion;
				minimumVersion = 15.0.3;
			};
		};
/* End XCRemoteSwiftPackageReference section */

/* Begin XCSwiftPackageProductDependency section */
		E5056B71291914E8008C6120 /* SnapKit */ = {
			isa = XCSwiftPackageProductDependency;
			package = E5056B70291914E8008C6120 /* XCRemoteSwiftPackageReference "SnapKit" */;
			productName = SnapKit;
		};
		E55BAD882919119D00B3E233 /* CombineMoya */ = {
			isa = XCSwiftPackageProductDependency;
			package = E55BAD872919119D00B3E233 /* XCRemoteSwiftPackageReference "Moya" */;
			productName = CombineMoya;
		};
		E55BAD8A2919119D00B3E233 /* Moya */ = {
			isa = XCSwiftPackageProductDependency;
			package = E55BAD872919119D00B3E233 /* XCRemoteSwiftPackageReference "Moya" */;
			productName = Moya;
		};
		E55BAD8C2919119D00B3E233 /* RxMoya */ = {
			isa = XCSwiftPackageProductDependency;
			package = E55BAD872919119D00B3E233 /* XCRemoteSwiftPackageReference "Moya" */;
			productName = RxMoya;
		};
/* End XCSwiftPackageProductDependency section */
	};
	rootObject = E55BAD5E29190B5700B3E233 /* Project object */;
}
