// !$*UTF8*$!
{
	archiveVersion = 1;
	classes = {
	};
	objectVersion = 56;
	objects = {

/* Begin PBXBuildFile section */
		E5056B72291914E8008C6120 /* SnapKit in Frameworks */ = {isa = PBXBuildFile; productRef = E5056B71291914E8008C6120 /* SnapKit */; };
		E55BAD6A29190B5700B3E233 /* AppDelegate.swift in Sources */ = {isa = PBXBuildFile; fileRef = E55BAD6929190B5700B3E233 /* AppDelegate.swift */; };
		E55BAD6C29190B5800B3E233 /* SceneDelegate.swift in Sources */ = {isa = PBXBuildFile; fileRef = E55BAD6B29190B5800B3E233 /* SceneDelegate.swift */; };
		E55BAD7329190B5900B3E233 /* Assets.xcassets in Resources */ = {isa = PBXBuildFile; fileRef = E55BAD7229190B5900B3E233 /* Assets.xcassets */; };
		E55BAD7629190B5900B3E233 /* LaunchScreen.storyboard in Resources */ = {isa = PBXBuildFile; fileRef = E55BAD7429190B5900B3E233 /* LaunchScreen.storyboard */; };
		E55BAD8229190D6900B3E233 /* MainCoordinator.swift in Sources */ = {isa = PBXBuildFile; fileRef = E55BAD8129190D6900B3E233 /* MainCoordinator.swift */; };
		E55BAD8629190E0500B3E233 /* OnboardingViewController.swift in Sources */ = {isa = PBXBuildFile; fileRef = E55BAD8529190E0500B3E233 /* OnboardingViewController.swift */; };
		E55BAD892919119D00B3E233 /* CombineMoya in Frameworks */ = {isa = PBXBuildFile; productRef = E55BAD882919119D00B3E233 /* CombineMoya */; };
		E55BAD8B2919119D00B3E233 /* Moya in Frameworks */ = {isa = PBXBuildFile; productRef = E55BAD8A2919119D00B3E233 /* Moya */; };
		E55BAD8D2919119D00B3E233 /* RxMoya in Frameworks */ = {isa = PBXBuildFile; productRef = E55BAD8C2919119D00B3E233 /* RxMoya */; };
/* End PBXBuildFile section */

/* Begin PBXFileReference section */
		E55BAD6629190B5700B3E233 /* ColorPalette.app */ = {isa = PBXFileReference; explicitFileType = wrapper.application; includeInIndex = 0; path = ColorPalette.app; sourceTree = BUILT_PRODUCTS_DIR; };
		E55BAD6929190B5700B3E233 /* AppDelegate.swift */ = {isa = PBXFileReference; lastKnownFileType = sourcecode.swift; path = AppDelegate.swift; sourceTree = "<group>"; };
		E55BAD6B29190B5800B3E233 /* SceneDelegate.swift */ = {isa = PBXFileReference; lastKnownFileType = sourcecode.swift; path = SceneDelegate.swift; sourceTree = "<group>"; };
		E55BAD7229190B5900B3E233 /* Assets.xcassets */ = {isa = PBXFileReference; lastKnownFileType = folder.assetcatalog; path = Assets.xcassets; sourceTree = "<group>"; };
		E55BAD7529190B5900B3E233 /* Base */ = {isa = PBXFileReference; lastKnownFileType = file.storyboard; name = Base; path = Base.lproj/LaunchScreen.storyboard; sourceTree = "<group>"; };
		E55BAD7729190B5900B3E233 /* Info.plist */ = {isa = PBXFileReference; lastKnownFileType = text.plist.xml; path = Info.plist; sourceTree = "<group>"; };
		E55BAD8129190D6900B3E233 /* MainCoordinator.swift */ = {isa = PBXFileReference; lastKnownFileType = sourcecode.swift; path = MainCoordinator.swift; sourceTree = "<group>"; };
		E55BAD8529190E0500B3E233 /* OnboardingViewController.swift */ = {isa = PBXFileReference; lastKnownFileType = sourcecode.swift; path = OnboardingViewController.swift; sourceTree = "<group>"; };
/* End PBXFileReference section */

/* Begin PBXFrameworksBuildPhase section */
		E55BAD6329190B5700B3E233 /* Frameworks */ = {
			isa = PBXFrameworksBuildPhase;
			buildActionMask = 2147483647;
			files = (
				E55BAD8D2919119D00B3E233 /* RxMoya in Frameworks */,
				E5056B72291914E8008C6120 /* SnapKit in Frameworks */,
				E55BAD8B2919119D00B3E233 /* Moya in Frameworks */,
				E55BAD892919119D00B3E233 /* CombineMoya in Frameworks */,
			);
			runOnlyForDeploymentPostprocessing = 0;
		};
/* End PBXFrameworksBuildPhase section */

/* Begin PBXGroup section */
		E55BAD5D29190B5700B3E233 = {
			isa = PBXGroup;
			children = (
				E55BAD6829190B5700B3E233 /* ColorPalette */,
				E55BAD6729190B5700B3E233 /* Products */,
			);
			sourceTree = "<group>";
		};
		E55BAD6729190B5700B3E233 /* Products */ = {
			isa = PBXGroup;
			children = (
				E55BAD6629190B5700B3E233 /* ColorPalette.app */,
			);
			name = Products;
			sourceTree = "<group>";
		};
		E55BAD6829190B5700B3E233 /* ColorPalette */ = {
			isa = PBXGroup;
			children = (
				E55BAD8029190CF200B3E233 /* Coordinators */,
				E55BAD7F29190CE600B3E233 /* Modules */,
				E55BAD7D29190C0C00B3E233 /* Application */,
				E55BAD7E29190C3200B3E233 /* Resources */,
			);
			path = ColorPalette;
			sourceTree = "<group>";
		};
		E55BAD7D29190C0C00B3E233 /* Application */ = {
			isa = PBXGroup;
			children = (
				E55BAD6929190B5700B3E233 /* AppDelegate.swift */,
				E55BAD6B29190B5800B3E233 /* SceneDelegate.swift */,
				E55BAD7429190B5900B3E233 /* LaunchScreen.storyboard */,
				E55BAD7729190B5900B3E233 /* Info.plist */,
			);
			path = Application;
			sourceTree = "<group>";
		};
		E55BAD7E29190C3200B3E233 /* Resources */ = {
			isa = PBXGroup;
			children = (
				E55BAD7229190B5900B3E233 /* Assets.xcassets */,
			);
			path = Resources;
			sourceTree = "<group>";
		};
		E55BAD7F29190CE600B3E233 /* Modules */ = {
			isa = PBXGroup;
			children = (
				E55BAD8329190DE300B3E233 /* Onboarding */,
			);
			path = Modules;
			sourceTree = "<group>";
		};
		E55BAD8029190CF200B3E233 /* Coordinators */ = {
			isa = PBXGroup;
			children = (
				E55BAD8129190D6900B3E233 /* MainCoordinator.swift */,
			);
			path = Coordinators;
			sourceTree = "<group>";
		};
		E55BAD8329190DE300B3E233 /* Onboarding */ = {
			isa = PBXGroup;
			children = (
				E55BAD8429190DEF00B3E233 /* View */,
			);
			path = Onboarding;
			sourceTree = "<group>";
		};
		E55BAD8429190DEF00B3E233 /* View */ = {
			isa = PBXGroup;
			children = (
				E55BAD8529190E0500B3E233 /* OnboardingViewController.swift */,
			);
			path = View;
			sourceTree = "<group>";
		};
/* End PBXGroup section */

/* Begin PBXNativeTarget section */
		E55BAD6529190B5700B3E233 /* ColorPalette */ = {
			isa = PBXNativeTarget;
			buildConfigurationList = E55BAD7A29190B5900B3E233 /* Build configuration list for PBXNativeTarget "ColorPalette" */;
			buildPhases = (
				E55BAD6229190B5700B3E233 /* Sources */,
				E55BAD6329190B5700B3E233 /* Frameworks */,
				E55BAD6429190B5700B3E233 /* Resources */,
			);
			buildRules = (
			);
			dependencies = (
			);
			name = ColorPalette;
			packageProductDependencies = (
				E55BAD882919119D00B3E233 /* CombineMoya */,
				E55BAD8A2919119D00B3E233 /* Moya */,
				E55BAD8C2919119D00B3E233 /* RxMoya */,
				E5056B71291914E8008C6120 /* SnapKit */,
			);
			productName = ColorPalette;
			productReference = E55BAD6629190B5700B3E233 /* ColorPalette.app */;
			productType = "com.apple.product-type.application";
		};
/* End PBXNativeTarget section */

/* Begin PBXProject section */
		E55BAD5E29190B5700B3E233 /* Project object */ = {
			isa = PBXProject;
			attributes = {
				BuildIndependentTargetsInParallel = 1;
				LastSwiftUpdateCheck = 1410;
				LastUpgradeCheck = 1410;
				TargetAttributes = {
					E55BAD6529190B5700B3E233 = {
						CreatedOnToolsVersion = 14.1;
					};
				};
			};
			buildConfigurationList = E55BAD6129190B5700B3E233 /* Build configuration list for PBXProject "ColorPalette" */;
			compatibilityVersion = "Xcode 14.0";
			developmentRegion = en;
			hasScannedForEncodings = 0;
			knownRegions = (
				en,
				Base,
			);
			mainGroup = E55BAD5D29190B5700B3E233;
			packageReferences = (
				E55BAD872919119D00B3E233 /* XCRemoteSwiftPackageReference "Moya" */,
				E5056B70291914E8008C6120 /* XCRemoteSwiftPackageReference "SnapKit" */,
			);
			productRefGroup = E55BAD6729190B5700B3E233 /* Products */;
			projectDirPath = "";
			projectRoot = "";
			targets = (
				E55BAD6529190B5700B3E233 /* ColorPalette */,
			);
		};
/* End PBXProject section */

/* Begin PBXResourcesBuildPhase section */
		E55BAD6429190B5700B3E233 /* Resources */ = {
			isa = PBXResourcesBuildPhase;
			buildActionMask = 2147483647;
			files = (
				E55BAD7629190B5900B3E233 /* LaunchScreen.storyboard in Resources */,
				E55BAD7329190B5900B3E233 /* Assets.xcassets in Resources */,
			);
			runOnlyForDeploymentPostprocessing = 0;
		};
/* End PBXResourcesBuildPhase section */

/* Begin PBXSourcesBuildPhase section */
		E55BAD6229190B5700B3E233 /* Sources */ = {
			isa = PBXSourcesBuildPhase;
			buildActionMask = 2147483647;
			files = (
				E55BAD6A29190B5700B3E233 /* AppDelegate.swift in Sources */,
				E55BAD8229190D6900B3E233 /* MainCoordinator.swift in Sources */,
				E55BAD6C29190B5800B3E233 /* SceneDelegate.swift in Sources */,
				E55BAD8629190E0500B3E233 /* OnboardingViewController.swift in Sources */,
			);
			runOnlyForDeploymentPostprocessing = 0;
		};
/* End PBXSourcesBuildPhase section */

/* Begin PBXVariantGroup section */
		E55BAD7429190B5900B3E233 /* LaunchScreen.storyboard */ = {
			isa = PBXVariantGroup;
			children = (
				E55BAD7529190B5900B3E233 /* Base */,
			);
			name = LaunchScreen.storyboard;
			sourceTree = "<group>";
		};
/* End PBXVariantGroup section */

/* Begin XCBuildConfiguration section */
		E55BAD7829190B5900B3E233 /* Debug */ = {
			isa = XCBuildConfiguration;
			buildSettings = {
				ALWAYS_SEARCH_USER_PATHS = NO;
				CLANG_ANALYZER_NONNULL = YES;
				CLANG_ANALYZER_NUMBER_OBJECT_CONVERSION = YES_AGGRESSIVE;
				CLANG_CXX_LANGUAGE_STANDARD = "gnu++20";
				CLANG_ENABLE_MODULES = YES;
				CLANG_ENABLE_OBJC_ARC = YES;
				CLANG_ENABLE_OBJC_WEAK = YES;
				CLANG_WARN_BLOCK_CAPTURE_AUTORELEASING = YES;
				CLANG_WARN_BOOL_CONVERSION = YES;
				CLANG_WARN_COMMA = YES;
				CLANG_WARN_CONSTANT_CONVERSION = YES;
				CLANG_WARN_DEPRECATED_OBJC_IMPLEMENTATIONS = YES;
				CLANG_WARN_DIRECT_OBJC_ISA_USAGE = YES_ERROR;
				CLANG_WARN_DOCUMENTATION_COMMENTS = YES;
				CLANG_WARN_EMPTY_BODY = YES;
				CLANG_WARN_ENUM_CONVERSION = YES;
				CLANG_WARN_INFINITE_RECURSION = YES;
				CLANG_WARN_INT_CONVERSION = YES;
				CLANG_WARN_NON_LITERAL_NULL_CONVERSION = YES;
				CLANG_WARN_OBJC_IMPLICIT_RETAIN_SELF = YES;
				CLANG_WARN_OBJC_LITERAL_CONVERSION = YES;
				CLANG_WARN_OBJC_ROOT_CLASS = YES_ERROR;
				CLANG_WARN_QUOTED_INCLUDE_IN_FRAMEWORK_HEADER = YES;
				CLANG_WARN_RANGE_LOOP_ANALYSIS = YES;
				CLANG_WARN_STRICT_PROTOTYPES = YES;
				CLANG_WARN_SUSPICIOUS_MOVE = YES;
				CLANG_WARN_UNGUARDED_AVAILABILITY = YES_AGGRESSIVE;
				CLANG_WARN_UNREACHABLE_CODE = YES;
				CLANG_WARN__DUPLICATE_METHOD_MATCH = YES;
				COPY_PHASE_STRIP = NO;
				DEBUG_INFORMATION_FORMAT = dwarf;
				ENABLE_STRICT_OBJC_MSGSEND = YES;
				ENABLE_TESTABILITY = YES;
				GCC_C_LANGUAGE_STANDARD = gnu11;
				GCC_DYNAMIC_NO_PIC = NO;
				GCC_NO_COMMON_BLOCKS = YES;
				GCC_OPTIMIZATION_LEVEL = 0;
				GCC_PREPROCESSOR_DEFINITIONS = (
					"DEBUG=1",
					"$(inherited)",
				);
				GCC_WARN_64_TO_32_BIT_CONVERSION = YES;
				GCC_WARN_ABOUT_RETURN_TYPE = YES_ERROR;
				GCC_WARN_UNDECLARED_SELECTOR = YES;
				GCC_WARN_UNINITIALIZED_AUTOS = YES_AGGRESSIVE;
				GCC_WARN_UNUSED_FUNCTION = YES;
				GCC_WARN_UNUSED_VARIABLE = YES;
				IPHONEOS_DEPLOYMENT_TARGET = 14.0;
				MTL_ENABLE_DEBUG_INFO = INCLUDE_SOURCE;
				MTL_FAST_MATH = YES;
				ONLY_ACTIVE_ARCH = YES;
				SDKROOT = iphoneos;
				SWIFT_ACTIVE_COMPILATION_CONDITIONS = DEBUG;
				SWIFT_OPTIMIZATION_LEVEL = "-Onone";
			};
			name = Debug;
		};
		E55BAD7929190B5900B3E233 /* Release */ = {
			isa = XCBuildConfiguration;
			buildSettings = {
				ALWAYS_SEARCH_USER_PATHS = NO;
				CLANG_ANALYZER_NONNULL = YES;
				CLANG_ANALYZER_NUMBER_OBJECT_CONVERSION = YES_AGGRESSIVE;
				CLANG_CXX_LANGUAGE_STANDARD = "gnu++20";
				CLANG_ENABLE_MODULES = YES;
				CLANG_ENABLE_OBJC_ARC = YES;
				CLANG_ENABLE_OBJC_WEAK = YES;
				CLANG_WARN_BLOCK_CAPTURE_AUTORELEASING = YES;
				CLANG_WARN_BOOL_CONVERSION = YES;
				CLANG_WARN_COMMA = YES;
				CLANG_WARN_CONSTANT_CONVERSION = YES;
				CLANG_WARN_DEPRECATED_OBJC_IMPLEMENTATIONS = YES;
				CLANG_WARN_DIRECT_OBJC_ISA_USAGE = YES_ERROR;
				CLANG_WARN_DOCUMENTATION_COMMENTS = YES;
				CLANG_WARN_EMPTY_BODY = YES;
				CLANG_WARN_ENUM_CONVERSION = YES;
				CLANG_WARN_INFINITE_RECURSION = YES;
				CLANG_WARN_INT_CONVERSION = YES;
				CLANG_WARN_NON_LITERAL_NULL_CONVERSION = YES;
				CLANG_WARN_OBJC_IMPLICIT_RETAIN_SELF = YES;
				CLANG_WARN_OBJC_LITERAL_CONVERSION = YES;
				CLANG_WARN_OBJC_ROOT_CLASS = YES_ERROR;
				CLANG_WARN_QUOTED_INCLUDE_IN_FRAMEWORK_HEADER = YES;
				CLANG_WARN_RANGE_LOOP_ANALYSIS = YES;
				CLANG_WARN_STRICT_PROTOTYPES = YES;
				CLANG_WARN_SUSPICIOUS_MOVE = YES;
				CLANG_WARN_UNGUARDED_AVAILABILITY = YES_AGGRESSIVE;
				CLANG_WARN_UNREACHABLE_CODE = YES;
				CLANG_WARN__DUPLICATE_METHOD_MATCH = YES;
				COPY_PHASE_STRIP = NO;
				DEBUG_INFORMATION_FORMAT = "dwarf-with-dsym";
				ENABLE_NS_ASSERTIONS = NO;
				ENABLE_STRICT_OBJC_MSGSEND = YES;
				GCC_C_LANGUAGE_STANDARD = gnu11;
				GCC_NO_COMMON_BLOCKS = YES;
				GCC_WARN_64_TO_32_BIT_CONVERSION = YES;
				GCC_WARN_ABOUT_RETURN_TYPE = YES_ERROR;
				GCC_WARN_UNDECLARED_SELECTOR = YES;
				GCC_WARN_UNINITIALIZED_AUTOS = YES_AGGRESSIVE;
				GCC_WARN_UNUSED_FUNCTION = YES;
				GCC_WARN_UNUSED_VARIABLE = YES;
				IPHONEOS_DEPLOYMENT_TARGET = 14.0;
				MTL_ENABLE_DEBUG_INFO = NO;
				MTL_FAST_MATH = YES;
				SDKROOT = iphoneos;
				SWIFT_COMPILATION_MODE = wholemodule;
				SWIFT_OPTIMIZATION_LEVEL = "-O";
				VALIDATE_PRODUCT = YES;
			};
			name = Release;
		};
		E55BAD7B29190B5900B3E233 /* Debug */ = {
			isa = XCBuildConfiguration;
			buildSettings = {
				ASSETCATALOG_COMPILER_APPICON_NAME = AppIcon;
				ASSETCATALOG_COMPILER_GLOBAL_ACCENT_COLOR_NAME = AccentColor;
				CODE_SIGN_STYLE = Automatic;
				CURRENT_PROJECT_VERSION = 1;
				DEVELOPMENT_TEAM = UC5X22LFU8;
				GENERATE_INFOPLIST_FILE = YES;
				INFOPLIST_FILE = ColorPalette/Application/Info.plist;
				INFOPLIST_KEY_LSApplicationCategoryType = "public.app-category.productivity";
				INFOPLIST_KEY_UIApplicationSupportsIndirectInputEvents = YES;
				INFOPLIST_KEY_UILaunchStoryboardName = LaunchScreen;
				INFOPLIST_KEY_UISupportedInterfaceOrientations = UIInterfaceOrientationPortrait;
				IPHONEOS_DEPLOYMENT_TARGET = 14.0;
				LD_RUNPATH_SEARCH_PATHS = (
					"$(inherited)",
					"@executable_path/Frameworks",
				);
				MARKETING_VERSION = 1.0;
				PRODUCT_BUNDLE_IDENTIFIER = kkolesss.ColorPalette;
				PRODUCT_NAME = "$(TARGET_NAME)";
				SUPPORTED_PLATFORMS = "iphoneos iphonesimulator";
				SUPPORTS_MACCATALYST = NO;
				SUPPORTS_MAC_DESIGNED_FOR_IPHONE_IPAD = NO;
				SWIFT_EMIT_LOC_STRINGS = YES;
				SWIFT_VERSION = 5.0;
				TARGETED_DEVICE_FAMILY = 1;
			};
			name = Debug;
		};
		E55BAD7C29190B5900B3E233 /* Release */ = {
			isa = XCBuildConfiguration;
			buildSettings = {
				ASSETCATALOG_COMPILER_APPICON_NAME = AppIcon;
				ASSETCATALOG_COMPILER_GLOBAL_ACCENT_COLOR_NAME = AccentColor;
				CODE_SIGN_STYLE = Automatic;
				CURRENT_PROJECT_VERSION = 1;
				DEVELOPMENT_TEAM = UC5X22LFU8;
				GENERATE_INFOPLIST_FILE = YES;
				INFOPLIST_FILE = ColorPalette/Application/Info.plist;
				INFOPLIST_KEY_LSApplicationCategoryType = "public.app-category.productivity";
				INFOPLIST_KEY_UIApplicationSupportsIndirectInputEvents = YES;
				INFOPLIST_KEY_UILaunchStoryboardName = LaunchScreen;
				INFOPLIST_KEY_UISupportedInterfaceOrientations = UIInterfaceOrientationPortrait;
				IPHONEOS_DEPLOYMENT_TARGET = 14.0;
				LD_RUNPATH_SEARCH_PATHS = (
					"$(inherited)",
					"@executable_path/Frameworks",
				);
				MARKETING_VERSION = 1.0;
				PRODUCT_BUNDLE_IDENTIFIER = kkolesss.ColorPalette;
				PRODUCT_NAME = "$(TARGET_NAME)";
				SUPPORTED_PLATFORMS = "iphoneos iphonesimulator";
				SUPPORTS_MACCATALYST = NO;
				SUPPORTS_MAC_DESIGNED_FOR_IPHONE_IPAD = NO;
				SWIFT_EMIT_LOC_STRINGS = YES;
				SWIFT_VERSION = 5.0;
				TARGETED_DEVICE_FAMILY = 1;
			};
			name = Release;
		};
/* End XCBuildConfiguration section */

/* Begin XCConfigurationList section */
		E55BAD6129190B5700B3E233 /* Build configuration list for PBXProject "ColorPalette" */ = {
			isa = XCConfigurationList;
			buildConfigurations = (
				E55BAD7829190B5900B3E233 /* Debug */,
				E55BAD7929190B5900B3E233 /* Release */,
			);
			defaultConfigurationIsVisible = 0;
			defaultConfigurationName = Release;
		};
		E55BAD7A29190B5900B3E233 /* Build configuration list for PBXNativeTarget "ColorPalette" */ = {
			isa = XCConfigurationList;
			buildConfigurations = (
				E55BAD7B29190B5900B3E233 /* Debug */,
				E55BAD7C29190B5900B3E233 /* Release */,
			);
			defaultConfigurationIsVisible = 0;
			defaultConfigurationName = Release;
		};
/* End XCConfigurationList section */

/* Begin XCRemoteSwiftPackageReference section */
		E5056B70291914E8008C6120 /* XCRemoteSwiftPackageReference "SnapKit" */ = {
			isa = XCRemoteSwiftPackageReference;
			repositoryURL = "https://github.com/SnapKit/SnapKit";
			requirement = {
				kind = upToNextMinorVersion;
				minimumVersion = 5.6.0;
			};
		};
		E55BAD872919119D00B3E233 /* XCRemoteSwiftPackageReference "Moya" */ = {
			isa = XCRemoteSwiftPackageReference;
			repositoryURL = "https://github.com/Moya/Moya";
			requirement = {
				kind = upToNextMinorVersion;
				minimumVersion = 15.0.3;
			};
		};
/* End XCRemoteSwiftPackageReference section */

/* Begin XCSwiftPackageProductDependency section */
		E5056B71291914E8008C6120 /* SnapKit */ = {
			isa = XCSwiftPackageProductDependency;
			package = E5056B70291914E8008C6120 /* XCRemoteSwiftPackageReference "SnapKit" */;
			productName = SnapKit;
		};
		E55BAD882919119D00B3E233 /* CombineMoya */ = {
			isa = XCSwiftPackageProductDependency;
			package = E55BAD872919119D00B3E233 /* XCRemoteSwiftPackageReference "Moya" */;
			productName = CombineMoya;
		};
		E55BAD8A2919119D00B3E233 /* Moya */ = {
			isa = XCSwiftPackageProductDependency;
			package = E55BAD872919119D00B3E233 /* XCRemoteSwiftPackageReference "Moya" */;
			productName = Moya;
		};
		E55BAD8C2919119D00B3E233 /* RxMoya */ = {
			isa = XCSwiftPackageProductDependency;
			package = E55BAD872919119D00B3E233 /* XCRemoteSwiftPackageReference "Moya" */;
			productName = RxMoya;
		};
/* End XCSwiftPackageProductDependency section */
	};
	rootObject = E55BAD5E29190B5700B3E233 /* Project object */;
}
